{
    "_meta": {
        "hash": {
            "sha256": "5d4c6af505f27c3092a8c17a11dbb786f6f31a663da12e7ac46ee0779a50f522"
        },
        "pipfile-spec": 6,
        "requires": {
            "python_version": "3.8"
        },
        "sources": [
            {
                "name": "pypi",
                "url": "https://pypi.org/simple",
                "verify_ssl": true
            }
        ]
    },
    "default": {
        "altgraph": {
            "hashes": [
                "sha256:1f05a47122542f97028caf78775a095fbe6a2699b5089de8477eb583167d69aa",
                "sha256:c623e5f3408ca61d4016f23a681b9adb100802ca3e3da5e718915a9e4052cebe"
            ],
            "version": "==0.17"
        },
        "macholib": {
            "hashes": [
                "sha256:0c436bc847e7b1d9bda0560351bf76d7caf930fb585a828d13608839ef42c432",
                "sha256:c500f02867515e6c60a27875b408920d18332ddf96b4035ef03beddd782d4281"
            ],
            "version": "==1.14"
        },
        "modulegraph": {
            "hashes": [
                "sha256:11c03dac1368bb9e7f780b58d251a0880c30b5a14816b6f88ec5a6fe1e3e5611",
                "sha256:60e58a96728fa741aac2800bf89cf89a59311c5bec336bd7a146a476446eb740"
            ],
            "version": "==0.18"
        },
        "py2app": {
            "hashes": [
                "sha256:1ce4ffeaa6d34d6a47276b95329fd7469f92b6363213af44a064867c3f0a264e",
                "sha256:4516dfb01a0bf560ca4918e1e0e38eb4fcc76c9c2f527456e022310a80d52dc8"
            ],
            "index": "pypi",
            "version": "==0.21"
        }
    },
    "develop": {}
}
